
Microsoft Visual Studio Solution File, Format Version 12.00
# Visual Studio Version 16
VisualStudioVersion = 16.0.810.4
MinimumVisualStudioVersion = 10.0.40219.1
Project("{FAE04EC0-301F-11D3-BF4B-00C04F79EFBC}") = "WebScrappingTest", "WebScrappingTest\WebScrappingTest.csproj", "{6AECCA26-7EEF-4C97-8B43-6B6F809C64B9}"
EndProject
Project("{FAE04EC0-301F-11D3-BF4B-00C04F79EFBC}") = "FireBaseNet", "..\FireBaseNet\FireBaseNet\FireBaseNet.csproj", "{9DB9C88B-83F0-4EBF-8F45-E4362CD0517A}"
EndProject
Global
	GlobalSection(SolutionConfigurationPlatforms) = preSolution
		Debug|anycpu = Debug|anycpu
		Release|anycpu = Release|anycpu
	EndGlobalSection
	GlobalSection(ProjectConfigurationPlatforms) = postSolution
		{6AECCA26-7EEF-4C97-8B43-6B6F809C64B9}.Debug|anycpu.ActiveCfg = Debug|anycpu
		{6AECCA26-7EEF-4C97-8B43-6B6F809C64B9}.Debug|anycpu.Build.0 = Debug|anycpu
		{6AECCA26-7EEF-4C97-8B43-6B6F809C64B9}.Release|anycpu.ActiveCfg = Release|anycpu
		{6AECCA26-7EEF-4C97-8B43-6B6F809C64B9}.Release|anycpu.Build.0 = Release|anycpu
		{9DB9C88B-83F0-4EBF-8F45-E4362CD0517A}.Debug|anycpu.ActiveCfg = Debug|Any CPU
		{9DB9C88B-83F0-4EBF-8F45-E4362CD0517A}.Debug|anycpu.Build.0 = Debug|Any CPU
		{9DB9C88B-83F0-4EBF-8F45-E4362CD0517A}.Release|anycpu.ActiveCfg = Release|Any CPU
		{9DB9C88B-83F0-4EBF-8F45-E4362CD0517A}.Release|anycpu.Build.0 = Release|Any CPU
	EndGlobalSection
	GlobalSection(SolutionProperties) = preSolution
		HideSolutionNode = FALSE
	EndGlobalSection
	GlobalSection(ExtensibilityGlobals) = postSolution
		SolutionGuid = {FD9584F6-CACD-4937-8D93-B5EF05C840F5}
	EndGlobalSection
EndGlobal
